
Microsoft Visual Studio Solution File, Format Version 12.00
# Visual Studio Version 17
VisualStudioVersion = 17.9.34902.65
MinimumVisualStudioVersion = 10.0.40219.1
Project("{FAE04EC0-301F-11D3-BF4B-00C04F79EFBC}") = "Circular", "Circular.csproj", "{D340F1FE-A59A-4D16-BDF9-AEB8F5C5FC03}"
EndProject
Global
	GlobalSection(SolutionConfigurationPlatforms) = preSolution
		Debug|Any CPU = Debug|Any CPU
		Debug|arm64 = Debug|arm64
		Debug|x86 = Debug|x86
		Release|Any CPU = Release|Any CPU
		Release|arm64 = Release|arm64
		Release|x86 = Release|x86
	EndGlobalSection
	GlobalSection(ProjectConfigurationPlatforms) = postSolution
		{D340F1FE-A59A-4D16-BDF9-AEB8F5C5FC03}.Debug|Any CPU.ActiveCfg = Debug|Any CPU
		{D340F1FE-A59A-4D16-BDF9-AEB8F5C5FC03}.Debug|Any CPU.Build.0 = Debug|Any CPU
		{D340F1FE-A59A-4D16-BDF9-AEB8F5C5FC03}.Debug|arm64.ActiveCfg = Debug|arm64
		{D340F1FE-A59A-4D16-BDF9-AEB8F5C5FC03}.Debug|arm64.Build.0 = Debug|arm64
		{D340F1FE-A59A-4D16-BDF9-AEB8F5C5FC03}.Debug|x86.ActiveCfg = Debug|x86
		{D340F1FE-A59A-4D16-BDF9-AEB8F5C5FC03}.Debug|x86.Build.0 = Debug|x86
		{D340F1FE-A59A-4D16-BDF9-AEB8F5C5FC03}.Release|Any CPU.ActiveCfg = Release|Any CPU
		{D340F1FE-A59A-4D16-BDF9-AEB8F5C5FC03}.Release|Any CPU.Build.0 = Release|Any CPU
		{D340F1FE-A59A-4D16-BDF9-AEB8F5C5FC03}.Release|arm64.ActiveCfg = Release|arm64
		{D340F1FE-A59A-4D16-BDF9-AEB8F5C5FC03}.Release|arm64.Build.0 = Release|arm64
		{D340F1FE-A59A-4D16-BDF9-AEB8F5C5FC03}.Release|x86.ActiveCfg = Release|x86
		{D340F1FE-A59A-4D16-BDF9-AEB8F5C5FC03}.Release|x86.Build.0 = Release|x86
	EndGlobalSection
	GlobalSection(SolutionProperties) = preSolution
		HideSolutionNode = FALSE
	EndGlobalSection
	GlobalSection(ExtensibilityGlobals) = postSolution
		SolutionGuid = {CB784AFB-4B52-4046-916D-BA8CB9803723}
	EndGlobalSection
EndGlobal
